
Microsoft Visual Studio Solution File, Format Version 12.00
# Visual Studio Version 16
VisualStudioVersion = 16.0.30907.101
MinimumVisualStudioVersion = 10.0.40219.1
Project("{9A19103F-16F7-4668-BE54-9A1E7A4F7556}") = "Methods", "Methods\Methods.csproj", "{CB3C809E-FCA3-4803-AACA-D83E3224ABA1}"
EndProject
Project("{9A19103F-16F7-4668-BE54-9A1E7A4F7556}") = "Math", "Math\Math.csproj", "{005F0E69-A8BE-465C-AEF2-E7C08490E0AE}"
EndProject
Project("{9A19103F-16F7-4668-BE54-9A1E7A4F7556}") = "ValueReferenceTypes", "ValueReferenceTypes\ValueReferenceTypes.csproj", "{7832D828-D225-474F-AA36-40C1FA7A41E3}"
EndProject
Project("{9A19103F-16F7-4668-BE54-9A1E7A4F7556}") = "OOP1", "OOP1\OOP1.csproj", "{D33DE7C3-9785-4A4C-B675-68AB15B395FA}"
EndProject
Project("{9A19103F-16F7-4668-BE54-9A1E7A4F7556}") = "Koleksiyonlar", "Koleksiyonlar\Koleksiyonlar.csproj", "{C04A377A-A1BB-42C3-B97D-0E8FDF725805}"
EndProject
Project("{9A19103F-16F7-4668-BE54-9A1E7A4F7556}") = "Genericsintro", "Genericsintro\Genericsintro.csproj", "{92C4FAEE-E9D1-4E30-98C1-533AFFD990ED}"
EndProject
Project("{9A19103F-16F7-4668-BE54-9A1E7A4F7556}") = "ReferenceTypes", "ReferenceTypes\ReferenceTypes.csproj", "{DA555C9C-827D-4FEA-AB33-C691D35CBF03}"
EndProject
Project("{9A19103F-16F7-4668-BE54-9A1E7A4F7556}") = "Constructors", "Constructors\Constructors.csproj", "{13A0D826-5BCB-44AE-BD7F-561DACF05170}"
EndProject
Project("{9A19103F-16F7-4668-BE54-9A1E7A4F7556}") = "Generics", "Generics\Generics.csproj", "{13BC80C5-DD04-4076-BD56-CBC5907EEB9E}"
EndProject
Project("{9A19103F-16F7-4668-BE54-9A1E7A4F7556}") = "DictionaryMusteriKaydi", "Dictionary\DictionaryMusteriKaydi.csproj", "{31A70895-12F2-4639-ABA8-CFA458377763}"
EndProject
Project("{9A19103F-16F7-4668-BE54-9A1E7A4F7556}") = "WorkDictionary", "WorkDictionary\WorkDictionary.csproj", "{BCCC7667-32DF-407B-9F78-EA3B792B09DB}"
EndProject
Project("{FAE04EC0-301F-11D3-BF4B-00C04F79EFBC}") = "OOP2", "OOP2\OOP2.csproj", "{3FFB9DE0-A2D6-4DAC-884E-F1F86C65DC77}"
EndProject
Project("{FAE04EC0-301F-11D3-BF4B-00C04F79EFBC}") = "OOP3", "OOP3\OOP3.csproj", "{2204C5F7-305B-4901-8495-ABE5790BEA6E}"
EndProject
Global
	GlobalSection(SolutionConfigurationPlatforms) = preSolution
		Debug|Any CPU = Debug|Any CPU
		Release|Any CPU = Release|Any CPU
	EndGlobalSection
	GlobalSection(ProjectConfigurationPlatforms) = postSolution
		{CB3C809E-FCA3-4803-AACA-D83E3224ABA1}.Debug|Any CPU.ActiveCfg = Debug|Any CPU
		{CB3C809E-FCA3-4803-AACA-D83E3224ABA1}.Debug|Any CPU.Build.0 = Debug|Any CPU
		{CB3C809E-FCA3-4803-AACA-D83E3224ABA1}.Release|Any CPU.ActiveCfg = Release|Any CPU
		{CB3C809E-FCA3-4803-AACA-D83E3224ABA1}.Release|Any CPU.Build.0 = Release|Any CPU
		{005F0E69-A8BE-465C-AEF2-E7C08490E0AE}.Debug|Any CPU.ActiveCfg = Debug|Any CPU
		{005F0E69-A8BE-465C-AEF2-E7C08490E0AE}.Debug|Any CPU.Build.0 = Debug|Any CPU
		{005F0E69-A8BE-465C-AEF2-E7C08490E0AE}.Release|Any CPU.ActiveCfg = Release|Any CPU
		{005F0E69-A8BE-465C-AEF2-E7C08490E0AE}.Release|Any CPU.Build.0 = Release|Any CPU
		{7832D828-D225-474F-AA36-40C1FA7A41E3}.Debug|Any CPU.ActiveCfg = Debug|Any CPU
		{7832D828-D225-474F-AA36-40C1FA7A41E3}.Debug|Any CPU.Build.0 = Debug|Any CPU
		{7832D828-D225-474F-AA36-40C1FA7A41E3}.Release|Any CPU.ActiveCfg = Release|Any CPU
		{7832D828-D225-474F-AA36-40C1FA7A41E3}.Release|Any CPU.Build.0 = Release|Any CPU
		{D33DE7C3-9785-4A4C-B675-68AB15B395FA}.Debug|Any CPU.ActiveCfg = Debug|Any CPU
		{D33DE7C3-9785-4A4C-B675-68AB15B395FA}.Debug|Any CPU.Build.0 = Debug|Any CPU
		{D33DE7C3-9785-4A4C-B675-68AB15B395FA}.Release|Any CPU.ActiveCfg = Release|Any CPU
		{D33DE7C3-9785-4A4C-B675-68AB15B395FA}.Release|Any CPU.Build.0 = Release|Any CPU
		{C04A377A-A1BB-42C3-B97D-0E8FDF725805}.Debug|Any CPU.ActiveCfg = Debug|Any CPU
		{C04A377A-A1BB-42C3-B97D-0E8FDF725805}.Debug|Any CPU.Build.0 = Debug|Any CPU
		{C04A377A-A1BB-42C3-B97D-0E8FDF725805}.Release|Any CPU.ActiveCfg = Release|Any CPU
		{C04A377A-A1BB-42C3-B97D-0E8FDF725805}.Release|Any CPU.Build.0 = Release|Any CPU
		{92C4FAEE-E9D1-4E30-98C1-533AFFD990ED}.Debug|Any CPU.ActiveCfg = Debug|Any CPU
		{92C4FAEE-E9D1-4E30-98C1-533AFFD990ED}.Debug|Any CPU.Build.0 = Debug|Any CPU
		{92C4FAEE-E9D1-4E30-98C1-533AFFD990ED}.Release|Any CPU.ActiveCfg = Release|Any CPU
		{92C4FAEE-E9D1-4E30-98C1-533AFFD990ED}.Release|Any CPU.Build.0 = Release|Any CPU
		{DA555C9C-827D-4FEA-AB33-C691D35CBF03}.Debug|Any CPU.ActiveCfg = Debug|Any CPU
		{DA555C9C-827D-4FEA-AB33-C691D35CBF03}.Debug|Any CPU.Build.0 = Debug|Any CPU
		{DA555C9C-827D-4FEA-AB33-C691D35CBF03}.Release|Any CPU.ActiveCfg = Release|Any CPU
		{DA555C9C-827D-4FEA-AB33-C691D35CBF03}.Release|Any CPU.Build.0 = Release|Any CPU
		{13A0D826-5BCB-44AE-BD7F-561DACF05170}.Debug|Any CPU.ActiveCfg = Debug|Any CPU
		{13A0D826-5BCB-44AE-BD7F-561DACF05170}.Debug|Any CPU.Build.0 = Debug|Any CPU
		{13A0D826-5BCB-44AE-BD7F-561DACF05170}.Release|Any CPU.ActiveCfg = Release|Any CPU
		{13A0D826-5BCB-44AE-BD7F-561DACF05170}.Release|Any CPU.Build.0 = Release|Any CPU
		{13BC80C5-DD04-4076-BD56-CBC5907EEB9E}.Debug|Any CPU.ActiveCfg = Debug|Any CPU
		{13BC80C5-DD04-4076-BD56-CBC5907EEB9E}.Debug|Any CPU.Build.0 = Debug|Any CPU
		{13BC80C5-DD04-4076-BD56-CBC5907EEB9E}.Release|Any CPU.ActiveCfg = Release|Any CPU
		{13BC80C5-DD04-4076-BD56-CBC5907EEB9E}.Release|Any CPU.Build.0 = Release|Any CPU
		{31A70895-12F2-4639-ABA8-CFA458377763}.Debug|Any CPU.ActiveCfg = Debug|Any CPU
		{31A70895-12F2-4639-ABA8-CFA458377763}.Debug|Any CPU.Build.0 = Debug|Any CPU
		{31A70895-12F2-4639-ABA8-CFA458377763}.Release|Any CPU.ActiveCfg = Release|Any CPU
		{31A70895-12F2-4639-ABA8-CFA458377763}.Release|Any CPU.Build.0 = Release|Any CPU
		{BCCC7667-32DF-407B-9F78-EA3B792B09DB}.Debug|Any CPU.ActiveCfg = Debug|Any CPU
		{BCCC7667-32DF-407B-9F78-EA3B792B09DB}.Debug|Any CPU.Build.0 = Debug|Any CPU
		{BCCC7667-32DF-407B-9F78-EA3B792B09DB}.Release|Any CPU.ActiveCfg = Release|Any CPU
		{BCCC7667-32DF-407B-9F78-EA3B792B09DB}.Release|Any CPU.Build.0 = Release|Any CPU
		{3FFB9DE0-A2D6-4DAC-884E-F1F86C65DC77}.Debug|Any CPU.ActiveCfg = Debug|Any CPU
		{3FFB9DE0-A2D6-4DAC-884E-F1F86C65DC77}.Debug|Any CPU.Build.0 = Debug|Any CPU
		{3FFB9DE0-A2D6-4DAC-884E-F1F86C65DC77}.Release|Any CPU.ActiveCfg = Release|Any CPU
		{3FFB9DE0-A2D6-4DAC-884E-F1F86C65DC77}.Release|Any CPU.Build.0 = Release|Any CPU
		{2204C5F7-305B-4901-8495-ABE5790BEA6E}.Debug|Any CPU.ActiveCfg = Debug|Any CPU
		{2204C5F7-305B-4901-8495-ABE5790BEA6E}.Debug|Any CPU.Build.0 = Debug|Any CPU
		{2204C5F7-305B-4901-8495-ABE5790BEA6E}.Release|Any CPU.ActiveCfg = Release|Any CPU
		{2204C5F7-305B-4901-8495-ABE5790BEA6E}.Release|Any CPU.Build.0 = Release|Any CPU
	EndGlobalSection
	GlobalSection(SolutionProperties) = preSolution
		HideSolutionNode = FALSE
	EndGlobalSection
	GlobalSection(ExtensibilityGlobals) = postSolution
		SolutionGuid = {DEE40D5E-1E48-4C83-807A-3599C820B95C}
	EndGlobalSection
EndGlobal
